Microsoft Visual Studio Solution File, Format Version 12.00
# Visual Studio Version 17
VisualStudioVersion = 17.5.2.0
MinimumVisualStudioVersion = 10.0.40219.1
Project("{FAE04EC0-301F-11D3-BF4B-00C04F79EFBC}") = "MCEightToTen", "MCEightToTen.csproj", "{A316BB2A-D7B1-82E3-E560-FC05F83F341D}"
EndProject
Global
	GlobalSection(SolutionConfigurationPlatforms) = preSolution
		Debug|Any CPU = Debug|Any CPU
		Release|Any CPU = Release|Any CPU
	EndGlobalSection
	GlobalSection(ProjectConfigurationPlatforms) = postSolution
		{A316BB2A-D7B1-82E3-E560-FC05F83F341D}.Debug|Any CPU.ActiveCfg = Debug|Any CPU
		{A316BB2A-D7B1-82E3-E560-FC05F83F341D}.Debug|Any CPU.Build.0 = Debug|Any CPU
		{A316BB2A-D7B1-82E3-E560-FC05F83F341D}.Release|Any CPU.ActiveCfg = Release|Any CPU
		{A316BB2A-D7B1-82E3-E560-FC05F83F341D}.Release|Any CPU.Build.0 = Release|Any CPU
	EndGlobalSection
	GlobalSection(SolutionProperties) = preSolution
		HideSolutionNode = FALSE
	EndGlobalSection
	GlobalSection(ExtensibilityGlobals) = postSolution
		SolutionGuid = {0FFFB789-F578-424E-B6D8-3A3B2B92A1BE}
	EndGlobalSection
EndGlobal
